
Microsoft Visual Studio Solution File, Format Version 12.00
# Visual Studio Version 17
VisualStudioVersion = 17.8.34408.163
MinimumVisualStudioVersion = 10.0.40219.1
Project("{FAE04EC0-301F-11D3-BF4B-00C04F79EFBC}") = "CombatTimelineFixes", "CombatTimelineFixes.csproj", "{28C91EA5-E93B-4089-8B2B-1A018AA53A33}"
EndProject
Global
	GlobalSection(SolutionConfigurationPlatforms) = preSolution
		Debug|Any CPU = Debug|Any CPU
		Release|Any CPU = Release|Any CPU
	EndGlobalSection
	GlobalSection(ProjectConfigurationPlatforms) = postSolution
		{28C91EA5-E93B-4089-8B2B-1A018AA53A33}.Debug|Any CPU.ActiveCfg = Debug|Any CPU
		{28C91EA5-E93B-4089-8B2B-1A018AA53A33}.Debug|Any CPU.Build.0 = Debug|Any CPU
		{28C91EA5-E93B-4089-8B2B-1A018AA53A33}.Release|Any CPU.ActiveCfg = Release|Any CPU
		{28C91EA5-E93B-4089-8B2B-1A018AA53A33}.Release|Any CPU.Build.0 = Release|Any CPU
	EndGlobalSection
	GlobalSection(SolutionProperties) = preSolution
		HideSolutionNode = FALSE
	EndGlobalSection
	GlobalSection(ExtensibilityGlobals) = postSolution
		SolutionGuid = {7952D3A9-AC26-4134-9CB5-3F227420CE8D}
	EndGlobalSection
EndGlobal
